{
  "name": "test-coderlhd",
  "version": "1.0.0",
  "lockfileVersion": 2,
  "requires": true,
  "packages": {
    "": {
      "name": "test-coderlhd",
      "version": "1.0.0",
      "license": "ISC",
      "dependencies": {
        "coderlhd": "^1.0.0"
      }
    },
    "node_modules/coderlhd": {
      "version": "1.0.0",
      "resolved": "https://registry.npmjs.org/coderlhd/-/coderlhd-1.0.0.tgz",
      "integrity": "sha512-eL89tRs9f3DX5fp8zSmtZiHjcwhw1Itl3V/EBDAYp0Wd1iZKFZCHGYJlRcbY3vZ6mjeUQnstgwt6OwKgx1XD2w=="
    }
  },
  "dependencies": {
    "coderlhd": {
      "version": "1.0.0",
      "resolved": "https://registry.npmjs.org/coderlhd/-/coderlhd-1.0.0.tgz",
      "integrity": "sha512-eL89tRs9f3DX5fp8zSmtZiHjcwhw1Itl3V/EBDAYp0Wd1iZKFZCHGYJlRcbY3vZ6mjeUQnstgwt6OwKgx1XD2w=="
    }
  }
}
